// !$*UTF8*$!
{
	archiveVersion = 1;
	classes = {
	};
	objectVersion = 50;
	objects = {

/* Begin PBXBuildFile section */
		9B5455D926BB34860069BC23 /* CreateBudgetViewController.swift in Sources */ = {isa = PBXBuildFile; fileRef = 9B5455D826BB34860069BC23 /* CreateBudgetViewController.swift */; };
		9B5455E026BB34B50069BC23 /* ViewTransactionsViewController.swift in Sources */ = {isa = PBXBuildFile; fileRef = 9B5455DF26BB34B50069BC23 /* ViewTransactionsViewController.swift */; };
		9B5455E326BB34CA0069BC23 /* ViewTrendsViewController.swift in Sources */ = {isa = PBXBuildFile; fileRef = 9B5455E226BB34CA0069BC23 /* ViewTrendsViewController.swift */; };
		9B5455EA26BB35150069BC23 /* AddTransactionViewController.swift in Sources */ = {isa = PBXBuildFile; fileRef = 9B5455E926BB35150069BC23 /* AddTransactionViewController.swift */; };
		9B5455ED26BB352B0069BC23 /* MyAlertsViewController.swift in Sources */ = {isa = PBXBuildFile; fileRef = 9B5455EC26BB352B0069BC23 /* MyAlertsViewController.swift */; };
		9BCA8B6826A6388C00E96DC9 /* AppDelegate.swift in Sources */ = {isa = PBXBuildFile; fileRef = 9BCA8B6726A6388C00E96DC9 /* AppDelegate.swift */; };
		9BCA8B6A26A6388C00E96DC9 /* SceneDelegate.swift in Sources */ = {isa = PBXBuildFile; fileRef = 9BCA8B6926A6388C00E96DC9 /* SceneDelegate.swift */; };
		9BCA8B6C26A6388C00E96DC9 /* LoginViewController.swift in Sources */ = {isa = PBXBuildFile; fileRef = 9BCA8B6B26A6388C00E96DC9 /* LoginViewController.swift */; };
		9BCA8B6F26A6388C00E96DC9 /* Main.storyboard in Resources */ = {isa = PBXBuildFile; fileRef = 9BCA8B6D26A6388C00E96DC9 /* Main.storyboard */; };
		9BCA8B7126A6388F00E96DC9 /* Assets.xcassets in Resources */ = {isa = PBXBuildFile; fileRef = 9BCA8B7026A6388F00E96DC9 /* Assets.xcassets */; };
		9BCA8B7426A6388F00E96DC9 /* LaunchScreen.storyboard in Resources */ = {isa = PBXBuildFile; fileRef = 9BCA8B7226A6388F00E96DC9 /* LaunchScreen.storyboard */; };
		9BD4ABCB26D02F7200BE2BC0 /* ViewBudgetsViewController.swift in Sources */ = {isa = PBXBuildFile; fileRef = 9BD4ABCA26D02F7200BE2BC0 /* ViewBudgetsViewController.swift */; };
		9BD4ABD326DC342200BE2BC0 /* GoogleService-Info.plist in Resources */ = {isa = PBXBuildFile; fileRef = 9BD4ABD226DC342200BE2BC0 /* GoogleService-Info.plist */; };
		9BEBC8FA26B896A500455253 /* HomeViewController.swift in Sources */ = {isa = PBXBuildFile; fileRef = 9BEBC8F926B896A400455253 /* HomeViewController.swift */; };
/* End PBXBuildFile section */

/* Begin PBXFileReference section */
		9B5455D826BB34860069BC23 /* CreateBudgetViewController.swift */ = {isa = PBXFileReference; lastKnownFileType = sourcecode.swift; path = CreateBudgetViewController.swift; sourceTree = "<group>"; };
		9B5455DF26BB34B50069BC23 /* ViewTransactionsViewController.swift */ = {isa = PBXFileReference; lastKnownFileType = sourcecode.swift; path = ViewTransactionsViewController.swift; sourceTree = "<group>"; };
		9B5455E226BB34CA0069BC23 /* ViewTrendsViewController.swift */ = {isa = PBXFileReference; lastKnownFileType = sourcecode.swift; path = ViewTrendsViewController.swift; sourceTree = "<group>"; };
		9B5455E926BB35150069BC23 /* AddTransactionViewController.swift */ = {isa = PBXFileReference; lastKnownFileType = sourcecode.swift; path = AddTransactionViewController.swift; sourceTree = "<group>"; };
		9B5455EC26BB352B0069BC23 /* MyAlertsViewController.swift */ = {isa = PBXFileReference; lastKnownFileType = sourcecode.swift; path = MyAlertsViewController.swift; sourceTree = "<group>"; };
		9BCA8B6426A6388C00E96DC9 /* RUMAD_BudgetingApp.app */ = {isa = PBXFileReference; explicitFileType = wrapper.application; includeInIndex = 0; path = RUMAD_BudgetingApp.app; sourceTree = BUILT_PRODUCTS_DIR; };
		9BCA8B6726A6388C00E96DC9 /* AppDelegate.swift */ = {isa = PBXFileReference; lastKnownFileType = sourcecode.swift; path = AppDelegate.swift; sourceTree = "<group>"; };
		9BCA8B6926A6388C00E96DC9 /* SceneDelegate.swift */ = {isa = PBXFileReference; lastKnownFileType = sourcecode.swift; path = SceneDelegate.swift; sourceTree = "<group>"; };
		9BCA8B6B26A6388C00E96DC9 /* LoginViewController.swift */ = {isa = PBXFileReference; lastKnownFileType = sourcecode.swift; path = LoginViewController.swift; sourceTree = "<group>"; };
		9BCA8B6E26A6388C00E96DC9 /* Base */ = {isa = PBXFileReference; lastKnownFileType = file.storyboard; name = Base; path = Base.lproj/Main.storyboard; sourceTree = "<group>"; };
		9BCA8B7026A6388F00E96DC9 /* Assets.xcassets */ = {isa = PBXFileReference; lastKnownFileType = folder.assetcatalog; path = Assets.xcassets; sourceTree = "<group>"; };
		9BCA8B7326A6388F00E96DC9 /* Base */ = {isa = PBXFileReference; lastKnownFileType = file.storyboard; name = Base; path = Base.lproj/LaunchScreen.storyboard; sourceTree = "<group>"; };
		9BCA8B7526A6388F00E96DC9 /* Info.plist */ = {isa = PBXFileReference; lastKnownFileType = text.plist.xml; path = Info.plist; sourceTree = "<group>"; };
		9BD4ABCA26D02F7200BE2BC0 /* ViewBudgetsViewController.swift */ = {isa = PBXFileReference; lastKnownFileType = sourcecode.swift; path = ViewBudgetsViewController.swift; sourceTree = "<group>"; };
		9BD4ABD226DC342200BE2BC0 /* GoogleService-Info.plist */ = {isa = PBXFileReference; fileEncoding = 4; lastKnownFileType = text.plist.xml; path = "GoogleService-Info.plist"; sourceTree = "<group>"; };
		9BEBC8F926B896A400455253 /* HomeViewController.swift */ = {isa = PBXFileReference; lastKnownFileType = sourcecode.swift; path = HomeViewController.swift; sourceTree = "<group>"; };
/* End PBXFileReference section */

/* Begin PBXFrameworksBuildPhase section */
		9BCA8B6126A6388C00E96DC9 /* Frameworks */ = {
			isa = PBXFrameworksBuildPhase;
			buildActionMask = 2147483647;
			files = (
			);
			runOnlyForDeploymentPostprocessing = 0;
		};
/* End PBXFrameworksBuildPhase section */

/* Begin PBXGroup section */
		9BCA8B5B26A6388C00E96DC9 = {
			isa = PBXGroup;
			children = (
				9BCA8B6626A6388C00E96DC9 /* RUMAD_BudgetingApp */,
				9BCA8B6526A6388C00E96DC9 /* Products */,
			);
			sourceTree = "<group>";
		};
		9BCA8B6526A6388C00E96DC9 /* Products */ = {
			isa = PBXGroup;
			children = (
				9BCA8B6426A6388C00E96DC9 /* RUMAD_BudgetingApp.app */,
			);
			name = Products;
			sourceTree = "<group>";
		};
		9BCA8B6626A6388C00E96DC9 /* RUMAD_BudgetingApp */ = {
			isa = PBXGroup;
			children = (
				9BCA8B6726A6388C00E96DC9 /* AppDelegate.swift */,
				9BCA8B6926A6388C00E96DC9 /* SceneDelegate.swift */,
				9BCA8B6D26A6388C00E96DC9 /* Main.storyboard */,
				9BCA8B6B26A6388C00E96DC9 /* LoginViewController.swift */,
				9BEBC8F926B896A400455253 /* HomeViewController.swift */,
				9B5455D826BB34860069BC23 /* CreateBudgetViewController.swift */,
				9BD4ABCA26D02F7200BE2BC0 /* ViewBudgetsViewController.swift */,
				9B5455E926BB35150069BC23 /* AddTransactionViewController.swift */,
				9B5455DF26BB34B50069BC23 /* ViewTransactionsViewController.swift */,
				9B5455EC26BB352B0069BC23 /* MyAlertsViewController.swift */,
				9B5455E226BB34CA0069BC23 /* ViewTrendsViewController.swift */,
				9BCA8B7026A6388F00E96DC9 /* Assets.xcassets */,
				9BCA8B7226A6388F00E96DC9 /* LaunchScreen.storyboard */,
				9BD4ABD226DC342200BE2BC0 /* GoogleService-Info.plist */,
				9BCA8B7526A6388F00E96DC9 /* Info.plist */,
			);
			path = RUMAD_BudgetingApp;
			sourceTree = "<group>";
		};
/* End PBXGroup section */

/* Begin PBXNativeTarget section */
		9BCA8B6326A6388C00E96DC9 /* RUMAD_BudgetingApp */ = {
			isa = PBXNativeTarget;
			buildConfigurationList = 9BCA8B7826A6388F00E96DC9 /* Build configuration list for PBXNativeTarget "RUMAD_BudgetingApp" */;
			buildPhases = (
				9BCA8B6026A6388C00E96DC9 /* Sources */,
				9BCA8B6126A6388C00E96DC9 /* Frameworks */,
				9BCA8B6226A6388C00E96DC9 /* Resources */,
			);
			buildRules = (
			);
			dependencies = (
			);
			name = RUMAD_BudgetingApp;
			productName = RUMAD_BudgetingApp;
			productReference = 9BCA8B6426A6388C00E96DC9 /* RUMAD_BudgetingApp.app */;
			productType = "com.apple.product-type.application";
		};
/* End PBXNativeTarget section */

/* Begin PBXProject section */
		9BCA8B5C26A6388C00E96DC9 /* Project object */ = {
			isa = PBXProject;
			attributes = {
				LastSwiftUpdateCheck = 1240;
				LastUpgradeCheck = 1240;
				TargetAttributes = {
					9BCA8B6326A6388C00E96DC9 = {
						CreatedOnToolsVersion = 12.4;
					};
				};
			};
			buildConfigurationList = 9BCA8B5F26A6388C00E96DC9 /* Build configuration list for PBXProject "RUMAD_BudgetingApp" */;
			compatibilityVersion = "Xcode 9.3";
			developmentRegion = en;
			hasScannedForEncodings = 0;
			knownRegions = (
				en,
				Base,
			);
			mainGroup = 9BCA8B5B26A6388C00E96DC9;
			productRefGroup = 9BCA8B6526A6388C00E96DC9 /* Products */;
			projectDirPath = "";
			projectRoot = "";
			targets = (
				9BCA8B6326A6388C00E96DC9 /* RUMAD_BudgetingApp */,
			);
		};
/* End PBXProject section */

/* Begin PBXResourcesBuildPhase section */
		9BCA8B6226A6388C00E96DC9 /* Resources */ = {
			isa = PBXResourcesBuildPhase;
			buildActionMask = 2147483647;
			files = (
				9BCA8B7426A6388F00E96DC9 /* LaunchScreen.storyboard in Resources */,
				9BD4ABD326DC342200BE2BC0 /* GoogleService-Info.plist in Resources */,
				9BCA8B7126A6388F00E96DC9 /* Assets.xcassets in Resources */,
				9BCA8B6F26A6388C00E96DC9 /* Main.storyboard in Resources */,
			);
			runOnlyForDeploymentPostprocessing = 0;
		};
/* End PBXResourcesBuildPhase section */

/* Begin PBXSourcesBuildPhase section */
		9BCA8B6026A6388C00E96DC9 /* Sources */ = {
			isa = PBXSourcesBuildPhase;
			buildActionMask = 2147483647;
			files = (
				9BD4ABCB26D02F7200BE2BC0 /* ViewBudgetsViewController.swift in Sources */,
				9B5455D926BB34860069BC23 /* CreateBudgetViewController.swift in Sources */,
				9B5455E326BB34CA0069BC23 /* ViewTrendsViewController.swift in Sources */,
				9B5455ED26BB352B0069BC23 /* MyAlertsViewController.swift in Sources */,
				9B5455EA26BB35150069BC23 /* AddTransactionViewController.swift in Sources */,
				9BCA8B6C26A6388C00E96DC9 /* LoginViewController.swift in Sources */,
				9B5455E026BB34B50069BC23 /* ViewTransactionsViewController.swift in Sources */,
				9BCA8B6826A6388C00E96DC9 /* AppDelegate.swift in Sources */,
				9BCA8B6A26A6388C00E96DC9 /* SceneDelegate.swift in Sources */,
				9BEBC8FA26B896A500455253 /* HomeViewController.swift in Sources */,
			);
			runOnlyForDeploymentPostprocessing = 0;
		};
/* End PBXSourcesBuildPhase section */

/* Begin PBXVariantGroup section */
		9BCA8B6D26A6388C00E96DC9 /* Main.storyboard */ = {
			isa = PBXVariantGroup;
			children = (
				9BCA8B6E26A6388C00E96DC9 /* Base */,
			);
			name = Main.storyboard;
			sourceTree = "<group>";
		};
		9BCA8B7226A6388F00E96DC9 /* LaunchScreen.storyboard */ = {
			isa = PBXVariantGroup;
			children = (
				9BCA8B7326A6388F00E96DC9 /* Base */,
			);
			name = LaunchScreen.storyboard;
			sourceTree = "<group>";
		};
/* End PBXVariantGroup section */

/* Begin XCBuildConfiguration section */
		9BCA8B7626A6388F00E96DC9 /* Debug */ = {
			isa = XCBuildConfiguration;
			buildSettings = {
				ALWAYS_SEARCH_USER_PATHS = NO;
				CLANG_ANALYZER_NONNULL = YES;
				CLANG_ANALYZER_NUMBER_OBJECT_CONVERSION = YES_AGGRESSIVE;
				CLANG_CXX_LANGUAGE_STANDARD = "gnu++14";
				CLANG_CXX_LIBRARY = "libc++";
				CLANG_ENABLE_MODULES = YES;
				CLANG_ENABLE_OBJC_ARC = YES;
				CLANG_ENABLE_OBJC_WEAK = YES;
				CLANG_WARN_BLOCK_CAPTURE_AUTORELEASING = YES;
				CLANG_WARN_BOOL_CONVERSION = YES;
				CLANG_WARN_COMMA = YES;
				CLANG_WARN_CONSTANT_CONVERSION = YES;
				CLANG_WARN_DEPRECATED_OBJC_IMPLEMENTATIONS = YES;
				CLANG_WARN_DIRECT_OBJC_ISA_USAGE = YES_ERROR;
				CLANG_WARN_DOCUMENTATION_COMMENTS = YES;
				CLANG_WARN_EMPTY_BODY = YES;
				CLANG_WARN_ENUM_CONVERSION = YES;
				CLANG_WARN_INFINITE_RECURSION = YES;
				CLANG_WARN_INT_CONVERSION = YES;
				CLANG_WARN_NON_LITERAL_NULL_CONVERSION = YES;
				CLANG_WARN_OBJC_IMPLICIT_RETAIN_SELF = YES;
				CLANG_WARN_OBJC_LITERAL_CONVERSION = YES;
				CLANG_WARN_OBJC_ROOT_CLASS = YES_ERROR;
				CLANG_WARN_QUOTED_INCLUDE_IN_FRAMEWORK_HEADER = YES;
				CLANG_WARN_RANGE_LOOP_ANALYSIS = YES;
				CLANG_WARN_STRICT_PROTOTYPES = YES;
				CLANG_WARN_SUSPICIOUS_MOVE = YES;
				CLANG_WARN_UNGUARDED_AVAILABILITY = YES_AGGRESSIVE;
				CLANG_WARN_UNREACHABLE_CODE = YES;
				CLANG_WARN__DUPLICATE_METHOD_MATCH = YES;
				COPY_PHASE_STRIP = NO;
				DEBUG_INFORMATION_FORMAT = dwarf;
				ENABLE_STRICT_OBJC_MSGSEND = YES;
				ENABLE_TESTABILITY = YES;
				GCC_C_LANGUAGE_STANDARD = gnu11;
				GCC_DYNAMIC_NO_PIC = NO;
				GCC_NO_COMMON_BLOCKS = YES;
				GCC_OPTIMIZATION_LEVEL = 0;
				GCC_PREPROCESSOR_DEFINITIONS = (
					"DEBUG=1",
					"$(inherited)",
				);
				GCC_WARN_64_TO_32_BIT_CONVERSION = YES;
				GCC_WARN_ABOUT_RETURN_TYPE = YES_ERROR;
				GCC_WARN_UNDECLARED_SELECTOR = YES;
				GCC_WARN_UNINITIALIZED_AUTOS = YES_AGGRESSIVE;
				GCC_WARN_UNUSED_FUNCTION = YES;
				GCC_WARN_UNUSED_VARIABLE = YES;
				IPHONEOS_DEPLOYMENT_TARGET = 14.4;
				MTL_ENABLE_DEBUG_INFO = INCLUDE_SOURCE;
				MTL_FAST_MATH = YES;
				ONLY_ACTIVE_ARCH = YES;
				SDKROOT = iphoneos;
				SWIFT_ACTIVE_COMPILATION_CONDITIONS = DEBUG;
				SWIFT_OPTIMIZATION_LEVEL = "-Onone";
			};
			name = Debug;
		};
		9BCA8B7726A6388F00E96DC9 /* Release */ = {
			isa = XCBuildConfiguration;
			buildSettings = {
				ALWAYS_SEARCH_USER_PATHS = NO;
				CLANG_ANALYZER_NONNULL = YES;
				CLANG_ANALYZER_NUMBER_OBJECT_CONVERSION = YES_AGGRESSIVE;
				CLANG_CXX_LANGUAGE_STANDARD = "gnu++14";
				CLANG_CXX_LIBRARY = "libc++";
				CLANG_ENABLE_MODULES = YES;
				CLANG_ENABLE_OBJC_ARC = YES;
				CLANG_ENABLE_OBJC_WEAK = YES;
				CLANG_WARN_BLOCK_CAPTURE_AUTORELEASING = YES;
				CLANG_WARN_BOOL_CONVERSION = YES;
				CLANG_WARN_COMMA = YES;
				CLANG_WARN_CONSTANT_CONVERSION = YES;
				CLANG_WARN_DEPRECATED_OBJC_IMPLEMENTATIONS = YES;
				CLANG_WARN_DIRECT_OBJC_ISA_USAGE = YES_ERROR;
				CLANG_WARN_DOCUMENTATION_COMMENTS = YES;
				CLANG_WARN_EMPTY_BODY = YES;
				CLANG_WARN_ENUM_CONVERSION = YES;
				CLANG_WARN_INFINITE_RECURSION = YES;
				CLANG_WARN_INT_CONVERSION = YES;
				CLANG_WARN_NON_LITERAL_NULL_CONVERSION = YES;
				CLANG_WARN_OBJC_IMPLICIT_RETAIN_SELF = YES;
				CLANG_WARN_OBJC_LITERAL_CONVERSION = YES;
				CLANG_WARN_OBJC_ROOT_CLASS = YES_ERROR;
				CLANG_WARN_QUOTED_INCLUDE_IN_FRAMEWORK_HEADER = YES;
				CLANG_WARN_RANGE_LOOP_ANALYSIS = YES;
				CLANG_WARN_STRICT_PROTOTYPES = YES;
				CLANG_WARN_SUSPICIOUS_MOVE = YES;
				CLANG_WARN_UNGUARDED_AVAILABILITY = YES_AGGRESSIVE;
				CLANG_WARN_UNREACHABLE_CODE = YES;
				CLANG_WARN__DUPLICATE_METHOD_MATCH = YES;
				COPY_PHASE_STRIP = NO;
				DEBUG_INFORMATION_FORMAT = "dwarf-with-dsym";
				ENABLE_NS_ASSERTIONS = NO;
				ENABLE_STRICT_OBJC_MSGSEND = YES;
				GCC_C_LANGUAGE_STANDARD = gnu11;
				GCC_NO_COMMON_BLOCKS = YES;
				GCC_WARN_64_TO_32_BIT_CONVERSION = YES;
				GCC_WARN_ABOUT_RETURN_TYPE = YES_ERROR;
				GCC_WARN_UNDECLARED_SELECTOR = YES;
				GCC_WARN_UNINITIALIZED_AUTOS = YES_AGGRESSIVE;
				GCC_WARN_UNUSED_FUNCTION = YES;
				GCC_WARN_UNUSED_VARIABLE = YES;
				IPHONEOS_DEPLOYMENT_TARGET = 14.4;
				MTL_ENABLE_DEBUG_INFO = NO;
				MTL_FAST_MATH = YES;
				SDKROOT = iphoneos;
				SWIFT_COMPILATION_MODE = wholemodule;
				SWIFT_OPTIMIZATION_LEVEL = "-O";
				VALIDATE_PRODUCT = YES;
			};
			name = Release;
		};
		9BCA8B7926A6388F00E96DC9 /* Debug */ = {
			isa = XCBuildConfiguration;
			buildSettings = {
				ASSETCATALOG_COMPILER_APPICON_NAME = AppIcon;
				ASSETCATALOG_COMPILER_GLOBAL_ACCENT_COLOR_NAME = AccentColor;
				CODE_SIGN_STYLE = Automatic;
				DEVELOPMENT_TEAM = 3LFUAJAWBQ;
				INFOPLIST_FILE = RUMAD_BudgetingApp/Info.plist;
				LD_RUNPATH_SEARCH_PATHS = (
					"$(inherited)",
					"@executable_path/Frameworks",
				);
				PRODUCT_BUNDLE_IDENTIFIER = "com.example.RUMAD-BudgetingApp";
				PRODUCT_NAME = "$(TARGET_NAME)";
				SWIFT_VERSION = 5.0;
				TARGETED_DEVICE_FAMILY = "1,2";
			};
			name = Debug;
		};
		9BCA8B7A26A6388F00E96DC9 /* Release */ = {
			isa = XCBuildConfiguration;
			buildSettings = {
				ASSETCATALOG_COMPILER_APPICON_NAME = AppIcon;
				ASSETCATALOG_COMPILER_GLOBAL_ACCENT_COLOR_NAME = AccentColor;
				CODE_SIGN_STYLE = Automatic;
				DEVELOPMENT_TEAM = 3LFUAJAWBQ;
				INFOPLIST_FILE = RUMAD_BudgetingApp/Info.plist;
				LD_RUNPATH_SEARCH_PATHS = (
					"$(inherited)",
					"@executable_path/Frameworks",
				);
				PRODUCT_BUNDLE_IDENTIFIER = "com.example.RUMAD-BudgetingApp";
				PRODUCT_NAME = "$(TARGET_NAME)";
				SWIFT_VERSION = 5.0;
				TARGETED_DEVICE_FAMILY = "1,2";
			};
			name = Release;
		};
/* End XCBuildConfiguration section */

/* Begin XCConfigurationList section */
		9BCA8B5F26A6388C00E96DC9 /* Build configuration list for PBXProject "RUMAD_BudgetingApp" */ = {
			isa = XCConfigurationList;
			buildConfigurations = (
				9BCA8B7626A6388F00E96DC9 /* Debug */,
				9BCA8B7726A6388F00E96DC9 /* Release */,
			);
			defaultConfigurationIsVisible = 0;
			defaultConfigurationName = Release;
		};
		9BCA8B7826A6388F00E96DC9 /* Build configuration list for PBXNativeTarget "RUMAD_BudgetingApp" */ = {
			isa = XCConfigurationList;
			buildConfigurations = (
				9BCA8B7926A6388F00E96DC9 /* Debug */,
				9BCA8B7A26A6388F00E96DC9 /* Release */,
			);
			defaultConfigurationIsVisible = 0;
			defaultConfigurationName = Release;
		};
/* End XCConfigurationList section */
	};
	rootObject = 9BCA8B5C26A6388C00E96DC9 /* Project object */;
}
